// !$*UTF8*$!
{
	archiveVersion = 1;
	classes = {
	};
	objectVersion = 50;
	objects = {

/* Begin PBXBuildFile section */
		3F236281236FD25200E43DAC /* AppDelegate.swift in Sources */ = {isa = PBXBuildFile; fileRef = 3F236280236FD25200E43DAC /* AppDelegate.swift */; };
		3F236283236FD25200E43DAC /* StepsViewController.swift in Sources */ = {isa = PBXBuildFile; fileRef = 3F236282236FD25200E43DAC /* StepsViewController.swift */; };
		3F236286236FD25200E43DAC /* Main.storyboard in Resources */ = {isa = PBXBuildFile; fileRef = 3F236284236FD25200E43DAC /* Main.storyboard */; };
		3F236288236FD25400E43DAC /* Assets.xcassets in Resources */ = {isa = PBXBuildFile; fileRef = 3F236287236FD25400E43DAC /* Assets.xcassets */; };
		3F23628B236FD25400E43DAC /* LaunchScreen.storyboard in Resources */ = {isa = PBXBuildFile; fileRef = 3F236289236FD25400E43DAC /* LaunchScreen.storyboard */; };
		3F8D1033237248E6007DB680 /* MotionManager.swift in Sources */ = {isa = PBXBuildFile; fileRef = 3F8D1032237248E6007DB680 /* MotionManager.swift */; };
		3FB9B7E723724162005C3B48 /* HealthKit.framework in Frameworks */ = {isa = PBXBuildFile; fileRef = 3FB9B7E623724162005C3B48 /* HealthKit.framework */; };
		3FB9B7EA237241E1005C3B48 /* HealthKitManager.swift in Sources */ = {isa = PBXBuildFile; fileRef = 3FB9B7E9237241E1005C3B48 /* HealthKitManager.swift */; };
		3FB9B7EC23724248005C3B48 /* HealthKitManagerError.swift in Sources */ = {isa = PBXBuildFile; fileRef = 3FB9B7EB23724248005C3B48 /* HealthKitManagerError.swift */; };
		3FDDCF1423724FD7005C5AA6 /* ThreadsafeDispatchWorkItem.swift in Sources */ = {isa = PBXBuildFile; fileRef = 3FDDCF1323724FD7005C5AA6 /* ThreadsafeDispatchWorkItem.swift */; };
/* End PBXBuildFile section */

/* Begin PBXFileReference section */
		3F23627D236FD25200E43DAC /* HealthKitSample.app */ = {isa = PBXFileReference; explicitFileType = wrapper.application; includeInIndex = 0; path = HealthKitSample.app; sourceTree = BUILT_PRODUCTS_DIR; };
		3F236280236FD25200E43DAC /* AppDelegate.swift */ = {isa = PBXFileReference; lastKnownFileType = sourcecode.swift; path = AppDelegate.swift; sourceTree = "<group>"; };
		3F236282236FD25200E43DAC /* StepsViewController.swift */ = {isa = PBXFileReference; lastKnownFileType = sourcecode.swift; path = StepsViewController.swift; sourceTree = "<group>"; };
		3F236285236FD25200E43DAC /* Base */ = {isa = PBXFileReference; lastKnownFileType = file.storyboard; name = Base; path = Base.lproj/Main.storyboard; sourceTree = "<group>"; };
		3F236287236FD25400E43DAC /* Assets.xcassets */ = {isa = PBXFileReference; lastKnownFileType = folder.assetcatalog; path = Assets.xcassets; sourceTree = "<group>"; };
		3F23628A236FD25400E43DAC /* Base */ = {isa = PBXFileReference; lastKnownFileType = file.storyboard; name = Base; path = Base.lproj/LaunchScreen.storyboard; sourceTree = "<group>"; };
		3F23628C236FD25400E43DAC /* Info.plist */ = {isa = PBXFileReference; lastKnownFileType = text.plist.xml; path = Info.plist; sourceTree = "<group>"; };
		3F236292236FD2BA00E43DAC /* README.md */ = {isa = PBXFileReference; lastKnownFileType = net.daringfireball.markdown; path = README.md; sourceTree = "<group>"; };
		3F8D1032237248E6007DB680 /* MotionManager.swift */ = {isa = PBXFileReference; lastKnownFileType = sourcecode.swift; path = MotionManager.swift; sourceTree = "<group>"; };
		3FB9B7E423724162005C3B48 /* HealthKitSample.entitlements */ = {isa = PBXFileReference; lastKnownFileType = text.plist.entitlements; path = HealthKitSample.entitlements; sourceTree = "<group>"; };
		3FB9B7E623724162005C3B48 /* HealthKit.framework */ = {isa = PBXFileReference; lastKnownFileType = wrapper.framework; name = HealthKit.framework; path = System/Library/Frameworks/HealthKit.framework; sourceTree = SDKROOT; };
		3FB9B7E9237241E1005C3B48 /* HealthKitManager.swift */ = {isa = PBXFileReference; lastKnownFileType = sourcecode.swift; path = HealthKitManager.swift; sourceTree = "<group>"; };
		3FB9B7EB23724248005C3B48 /* HealthKitManagerError.swift */ = {isa = PBXFileReference; lastKnownFileType = sourcecode.swift; path = HealthKitManagerError.swift; sourceTree = "<group>"; };
		3FDDCF1323724FD7005C5AA6 /* ThreadsafeDispatchWorkItem.swift */ = {isa = PBXFileReference; lastKnownFileType = sourcecode.swift; path = ThreadsafeDispatchWorkItem.swift; sourceTree = "<group>"; };
/* End PBXFileReference section */

/* Begin PBXFrameworksBuildPhase section */
		3F23627A236FD25200E43DAC /* Frameworks */ = {
			isa = PBXFrameworksBuildPhase;
			buildActionMask = 2147483647;
			files = (
				3FB9B7E723724162005C3B48 /* HealthKit.framework in Frameworks */,
			);
			runOnlyForDeploymentPostprocessing = 0;
		};
/* End PBXFrameworksBuildPhase section */

/* Begin PBXGroup section */
		3F236274236FD25200E43DAC = {
			isa = PBXGroup;
			children = (
				3F236292236FD2BA00E43DAC /* README.md */,
				3F23627F236FD25200E43DAC /* HealthKitSample */,
				3F23627E236FD25200E43DAC /* Products */,
				3FB9B7E523724162005C3B48 /* Frameworks */,
			);
			sourceTree = "<group>";
		};
		3F23627E236FD25200E43DAC /* Products */ = {
			isa = PBXGroup;
			children = (
				3F23627D236FD25200E43DAC /* HealthKitSample.app */,
			);
			name = Products;
			sourceTree = "<group>";
		};
		3F23627F236FD25200E43DAC /* HealthKitSample */ = {
			isa = PBXGroup;
			children = (
				3FB9B7E423724162005C3B48 /* HealthKitSample.entitlements */,
				3FDDCF1323724FD7005C5AA6 /* ThreadsafeDispatchWorkItem.swift */,
				3F8D1031237248DC007DB680 /* CoreMotion */,
				3FB9B7E8237241CD005C3B48 /* HealthKitManager */,
				3F236282236FD25200E43DAC /* StepsViewController.swift */,
				3F236280236FD25200E43DAC /* AppDelegate.swift */,
				3F236284236FD25200E43DAC /* Main.storyboard */,
				3F236287236FD25400E43DAC /* Assets.xcassets */,
				3F236289236FD25400E43DAC /* LaunchScreen.storyboard */,
				3F23628C236FD25400E43DAC /* Info.plist */,
			);
			path = HealthKitSample;
			sourceTree = "<group>";
		};
		3F8D1031237248DC007DB680 /* CoreMotion */ = {
			isa = PBXGroup;
			children = (
				3F8D1032237248E6007DB680 /* MotionManager.swift */,
			);
			path = CoreMotion;
			sourceTree = "<group>";
		};
		3FB9B7E523724162005C3B48 /* Frameworks */ = {
			isa = PBXGroup;
			children = (
				3FB9B7E623724162005C3B48 /* HealthKit.framework */,
			);
			name = Frameworks;
			sourceTree = "<group>";
		};
		3FB9B7E8237241CD005C3B48 /* HealthKitManager */ = {
			isa = PBXGroup;
			children = (
				3FB9B7EB23724248005C3B48 /* HealthKitManagerError.swift */,
				3FB9B7E9237241E1005C3B48 /* HealthKitManager.swift */,
			);
			path = HealthKitManager;
			sourceTree = "<group>";
		};
/* End PBXGroup section */

/* Begin PBXNativeTarget section */
		3F23627C236FD25200E43DAC /* HealthKitSample */ = {
			isa = PBXNativeTarget;
			buildConfigurationList = 3F23628F236FD25400E43DAC /* Build configuration list for PBXNativeTarget "HealthKitSample" */;
			buildPhases = (
				3F236279236FD25200E43DAC /* Sources */,
				3F23627A236FD25200E43DAC /* Frameworks */,
				3F23627B236FD25200E43DAC /* Resources */,
			);
			buildRules = (
			);
			dependencies = (
			);
			name = HealthKitSample;
			productName = HealthKitSample;
			productReference = 3F23627D236FD25200E43DAC /* HealthKitSample.app */;
			productType = "com.apple.product-type.application";
		};
/* End PBXNativeTarget section */

/* Begin PBXProject section */
		3F236275236FD25200E43DAC /* Project object */ = {
			isa = PBXProject;
			attributes = {
				LastSwiftUpdateCheck = 1020;
				LastUpgradeCheck = 1020;
				ORGANIZATIONNAME = "K Y";
				TargetAttributes = {
					3F23627C236FD25200E43DAC = {
						CreatedOnToolsVersion = 10.2;
					};
				};
			};
			buildConfigurationList = 3F236278236FD25200E43DAC /* Build configuration list for PBXProject "HealthKitSample" */;
			compatibilityVersion = "Xcode 9.3";
			developmentRegion = en;
			hasScannedForEncodings = 0;
			knownRegions = (
				en,
				Base,
			);
			mainGroup = 3F236274236FD25200E43DAC;
			productRefGroup = 3F23627E236FD25200E43DAC /* Products */;
			projectDirPath = "";
			projectRoot = "";
			targets = (
				3F23627C236FD25200E43DAC /* HealthKitSample */,
			);
		};
/* End PBXProject section */

/* Begin PBXResourcesBuildPhase section */
		3F23627B236FD25200E43DAC /* Resources */ = {
			isa = PBXResourcesBuildPhase;
			buildActionMask = 2147483647;
			files = (
				3F23628B236FD25400E43DAC /* LaunchScreen.storyboard in Resources */,
				3F236288236FD25400E43DAC /* Assets.xcassets in Resources */,
				3F236286236FD25200E43DAC /* Main.storyboard in Resources */,
			);
			runOnlyForDeploymentPostprocessing = 0;
		};
/* End PBXResourcesBuildPhase section */

/* Begin PBXSourcesBuildPhase section */
		3F236279236FD25200E43DAC /* Sources */ = {
			isa = PBXSourcesBuildPhase;
			buildActionMask = 2147483647;
			files = (
				3F236283236FD25200E43DAC /* StepsViewController.swift in Sources */,
				3F8D1033237248E6007DB680 /* MotionManager.swift in Sources */,
				3FDDCF1423724FD7005C5AA6 /* ThreadsafeDispatchWorkItem.swift in Sources */,
				3FB9B7EC23724248005C3B48 /* HealthKitManagerError.swift in Sources */,
				3F236281236FD25200E43DAC /* AppDelegate.swift in Sources */,
				3FB9B7EA237241E1005C3B48 /* HealthKitManager.swift in Sources */,
			);
			runOnlyForDeploymentPostprocessing = 0;
		};
/* End PBXSourcesBuildPhase section */

/* Begin PBXVariantGroup section */
		3F236284236FD25200E43DAC /* Main.storyboard */ = {
			isa = PBXVariantGroup;
			children = (
				3F236285236FD25200E43DAC /* Base */,
			);
			name = Main.storyboard;
			sourceTree = "<group>";
		};
		3F236289236FD25400E43DAC /* LaunchScreen.storyboard */ = {
			isa = PBXVariantGroup;
			children = (
				3F23628A236FD25400E43DAC /* Base */,
			);
			name = LaunchScreen.storyboard;
			sourceTree = "<group>";
		};
/* End PBXVariantGroup section */

/* Begin XCBuildConfiguration section */
		3F23628D236FD25400E43DAC /* Debug */ = {
			isa = XCBuildConfiguration;
			buildSettings = {
				ALWAYS_SEARCH_USER_PATHS = NO;
				CLANG_ANALYZER_NONNULL = YES;
				CLANG_ANALYZER_NUMBER_OBJECT_CONVERSION = YES_AGGRESSIVE;
				CLANG_CXX_LANGUAGE_STANDARD = "gnu++14";
				CLANG_CXX_LIBRARY = "libc++";
				CLANG_ENABLE_MODULES = YES;
				CLANG_ENABLE_OBJC_ARC = YES;
				CLANG_ENABLE_OBJC_WEAK = YES;
				CLANG_WARN_BLOCK_CAPTURE_AUTORELEASING = YES;
				CLANG_WARN_BOOL_CONVERSION = YES;
				CLANG_WARN_COMMA = YES;
				CLANG_WARN_CONSTANT_CONVERSION = YES;
				CLANG_WARN_DEPRECATED_OBJC_IMPLEMENTATIONS = YES;
				CLANG_WARN_DIRECT_OBJC_ISA_USAGE = YES_ERROR;
				CLANG_WARN_DOCUMENTATION_COMMENTS = YES;
				CLANG_WARN_EMPTY_BODY = YES;
				CLANG_WARN_ENUM_CONVERSION = YES;
				CLANG_WARN_INFINITE_RECURSION = YES;
				CLANG_WARN_INT_CONVERSION = YES;
				CLANG_WARN_NON_LITERAL_NULL_CONVERSION = YES;
				CLANG_WARN_OBJC_IMPLICIT_RETAIN_SELF = YES;
				CLANG_WARN_OBJC_LITERAL_CONVERSION = YES;
				CLANG_WARN_OBJC_ROOT_CLASS = YES_ERROR;
				CLANG_WARN_RANGE_LOOP_ANALYSIS = YES;
				CLANG_WARN_STRICT_PROTOTYPES = YES;
				CLANG_WARN_SUSPICIOUS_MOVE = YES;
				CLANG_WARN_UNGUARDED_AVAILABILITY = YES_AGGRESSIVE;
				CLANG_WARN_UNREACHABLE_CODE = YES;
				CLANG_WARN__DUPLICATE_METHOD_MATCH = YES;
				CODE_SIGN_IDENTITY = "iPhone Developer";
				COPY_PHASE_STRIP = NO;
				DEBUG_INFORMATION_FORMAT = dwarf;
				ENABLE_STRICT_OBJC_MSGSEND = YES;
				ENABLE_TESTABILITY = YES;
				GCC_C_LANGUAGE_STANDARD = gnu11;
				GCC_DYNAMIC_NO_PIC = NO;
				GCC_NO_COMMON_BLOCKS = YES;
				GCC_OPTIMIZATION_LEVEL = 0;
				GCC_PREPROCESSOR_DEFINITIONS = (
					"DEBUG=1",
					"$(inherited)",
				);
				GCC_WARN_64_TO_32_BIT_CONVERSION = YES;
				GCC_WARN_ABOUT_RETURN_TYPE = YES_ERROR;
				GCC_WARN_UNDECLARED_SELECTOR = YES;
				GCC_WARN_UNINITIALIZED_AUTOS = YES_AGGRESSIVE;
				GCC_WARN_UNUSED_FUNCTION = YES;
				GCC_WARN_UNUSED_VARIABLE = YES;
				IPHONEOS_DEPLOYMENT_TARGET = 12.2;
				MTL_ENABLE_DEBUG_INFO = INCLUDE_SOURCE;
				MTL_FAST_MATH = YES;
				ONLY_ACTIVE_ARCH = YES;
				SDKROOT = iphoneos;
				SWIFT_ACTIVE_COMPILATION_CONDITIONS = DEBUG;
				SWIFT_OPTIMIZATION_LEVEL = "-Onone";
			};
			name = Debug;
		};
		3F23628E236FD25400E43DAC /* Release */ = {
			isa = XCBuildConfiguration;
			buildSettings = {
				ALWAYS_SEARCH_USER_PATHS = NO;
				CLANG_ANALYZER_NONNULL = YES;
				CLANG_ANALYZER_NUMBER_OBJECT_CONVERSION = YES_AGGRESSIVE;
				CLANG_CXX_LANGUAGE_STANDARD = "gnu++14";
				CLANG_CXX_LIBRARY = "libc++";
				CLANG_ENABLE_MODULES = YES;
				CLANG_ENABLE_OBJC_ARC = YES;
				CLANG_ENABLE_OBJC_WEAK = YES;
				CLANG_WARN_BLOCK_CAPTURE_AUTORELEASING = YES;
				CLANG_WARN_BOOL_CONVERSION = YES;
				CLANG_WARN_COMMA = YES;
				CLANG_WARN_CONSTANT_CONVERSION = YES;
				CLANG_WARN_DEPRECATED_OBJC_IMPLEMENTATIONS = YES;
				CLANG_WARN_DIRECT_OBJC_ISA_USAGE = YES_ERROR;
				CLANG_WARN_DOCUMENTATION_COMMENTS = YES;
				CLANG_WARN_EMPTY_BODY = YES;
				CLANG_WARN_ENUM_CONVERSION = YES;
				CLANG_WARN_INFINITE_RECURSION = YES;
				CLANG_WARN_INT_CONVERSION = YES;
				CLANG_WARN_NON_LITERAL_NULL_CONVERSION = YES;
				CLANG_WARN_OBJC_IMPLICIT_RETAIN_SELF = YES;
				CLANG_WARN_OBJC_LITERAL_CONVERSION = YES;
				CLANG_WARN_OBJC_ROOT_CLASS = YES_ERROR;
				CLANG_WARN_RANGE_LOOP_ANALYSIS = YES;
				CLANG_WARN_STRICT_PROTOTYPES = YES;
				CLANG_WARN_SUSPICIOUS_MOVE = YES;
				CLANG_WARN_UNGUARDED_AVAILABILITY = YES_AGGRESSIVE;
				CLANG_WARN_UNREACHABLE_CODE = YES;
				CLANG_WARN__DUPLICATE_METHOD_MATCH = YES;
				CODE_SIGN_IDENTITY = "iPhone Developer";
				COPY_PHASE_STRIP = NO;
				DEBUG_INFORMATION_FORMAT = "dwarf-with-dsym";
				ENABLE_NS_ASSERTIONS = NO;
				ENABLE_STRICT_OBJC_MSGSEND = YES;
				GCC_C_LANGUAGE_STANDARD = gnu11;
				GCC_NO_COMMON_BLOCKS = YES;
				GCC_WARN_64_TO_32_BIT_CONVERSION = YES;
				GCC_WARN_ABOUT_RETURN_TYPE = YES_ERROR;
				GCC_WARN_UNDECLARED_SELECTOR = YES;
				GCC_WARN_UNINITIALIZED_AUTOS = YES_AGGRESSIVE;
				GCC_WARN_UNUSED_FUNCTION = YES;
				GCC_WARN_UNUSED_VARIABLE = YES;
				IPHONEOS_DEPLOYMENT_TARGET = 12.2;
				MTL_ENABLE_DEBUG_INFO = NO;
				MTL_FAST_MATH = YES;
				SDKROOT = iphoneos;
				SWIFT_COMPILATION_MODE = wholemodule;
				SWIFT_OPTIMIZATION_LEVEL = "-O";
				VALIDATE_PRODUCT = YES;
			};
			name = Release;
		};
		3F236290236FD25400E43DAC /* Debug */ = {
			isa = XCBuildConfiguration;
			buildSettings = {
				ASSETCATALOG_COMPILER_APPICON_NAME = AppIcon;
				CODE_SIGN_ENTITLEMENTS = HealthKitSample/HealthKitSample.entitlements;
				CODE_SIGN_STYLE = Automatic;
				DEVELOPMENT_TEAM = SY7RWQB994;
				INFOPLIST_FILE = HealthKitSample/Info.plist;
				IPHONEOS_DEPLOYMENT_TARGET = 10.0;
				LD_RUNPATH_SEARCH_PATHS = (
					"$(inherited)",
					"@executable_path/Frameworks",
				);
				PRODUCT_BUNDLE_IDENTIFIER = ky.HealthKitSample;
				PRODUCT_NAME = "$(TARGET_NAME)";
				SWIFT_VERSION = 5.0;
				TARGETED_DEVICE_FAMILY = "1,2";
			};
			name = Debug;
		};
		3F236291236FD25400E43DAC /* Release */ = {
			isa = XCBuildConfiguration;
			buildSettings = {
				ASSETCATALOG_COMPILER_APPICON_NAME = AppIcon;
				CODE_SIGN_ENTITLEMENTS = HealthKitSample/HealthKitSample.entitlements;
				CODE_SIGN_STYLE = Automatic;
				DEVELOPMENT_TEAM = SY7RWQB994;
				INFOPLIST_FILE = HealthKitSample/Info.plist;
				IPHONEOS_DEPLOYMENT_TARGET = 10.0;
				LD_RUNPATH_SEARCH_PATHS = (
					"$(inherited)",
					"@executable_path/Frameworks",
				);
				PRODUCT_BUNDLE_IDENTIFIER = ky.HealthKitSample;
				PRODUCT_NAME = "$(TARGET_NAME)";
				SWIFT_VERSION = 5.0;
				TARGETED_DEVICE_FAMILY = "1,2";
			};
			name = Release;
		};
/* End XCBuildConfiguration section */

/* Begin XCConfigurationList section */
		3F236278236FD25200E43DAC /* Build configuration list for PBXProject "HealthKitSample" */ = {
			isa = XCConfigurationList;
			buildConfigurations = (
				3F23628D236FD25400E43DAC /* Debug */,
				3F23628E236FD25400E43DAC /* Release */,
			);
			defaultConfigurationIsVisible = 0;
			defaultConfigurationName = Release;
		};
		3F23628F236FD25400E43DAC /* Build configuration list for PBXNativeTarget "HealthKitSample" */ = {
			isa = XCConfigurationList;
			buildConfigurations = (
				3F236290236FD25400E43DAC /* Debug */,
				3F236291236FD25400E43DAC /* Release */,
			);
			defaultConfigurationIsVisible = 0;
			defaultConfigurationName = Release;
		};
/* End XCConfigurationList section */
	};
	rootObject = 3F236275236FD25200E43DAC /* Project object */;
}
